
Microsoft Visual Studio Solution File, Format Version 12.00
# Visual Studio Version 16
VisualStudioVersion = 16.0.31105.61
MinimumVisualStudioVersion = 10.0.40219.1
Project("{9A19103F-16F7-4668-BE54-9A1E7A4F7556}") = "Name From Game CS", "Name From Game CS\Name From Game CS.csproj", "{5D28EA9C-DE06-4BBA-9228-6090EB1BF16A}"
EndProject
Project("{9A19103F-16F7-4668-BE54-9A1E7A4F7556}") = "WatcherLibrary", "Watcher\WatcherLibrary.csproj", "{CBD66B7A-F2BB-463E-B34C-64F39F45E225}"
EndProject
Project("{FAE04EC0-301F-11D3-BF4B-00C04F79EFBC}") = "WindowsTools", "WindowsTools\WindowsTools.csproj", "{D7734D62-5A0A-4BB7-A671-1043C66E33C3}"
EndProject
Global
	GlobalSection(SolutionConfigurationPlatforms) = preSolution
		Debug|Any CPU = Debug|Any CPU
		Release|Any CPU = Release|Any CPU
	EndGlobalSection
	GlobalSection(ProjectConfigurationPlatforms) = postSolution
		{5D28EA9C-DE06-4BBA-9228-6090EB1BF16A}.Debug|Any CPU.ActiveCfg = Debug|Any CPU
		{5D28EA9C-DE06-4BBA-9228-6090EB1BF16A}.Debug|Any CPU.Build.0 = Debug|Any CPU
		{5D28EA9C-DE06-4BBA-9228-6090EB1BF16A}.Release|Any CPU.ActiveCfg = Release|Any CPU
		{5D28EA9C-DE06-4BBA-9228-6090EB1BF16A}.Release|Any CPU.Build.0 = Release|Any CPU
		{CBD66B7A-F2BB-463E-B34C-64F39F45E225}.Debug|Any CPU.ActiveCfg = Debug|Any CPU
		{CBD66B7A-F2BB-463E-B34C-64F39F45E225}.Debug|Any CPU.Build.0 = Debug|Any CPU
		{CBD66B7A-F2BB-463E-B34C-64F39F45E225}.Release|Any CPU.ActiveCfg = Release|Any CPU
		{CBD66B7A-F2BB-463E-B34C-64F39F45E225}.Release|Any CPU.Build.0 = Release|Any CPU
		{D7734D62-5A0A-4BB7-A671-1043C66E33C3}.Debug|Any CPU.ActiveCfg = Debug|Any CPU
		{D7734D62-5A0A-4BB7-A671-1043C66E33C3}.Debug|Any CPU.Build.0 = Debug|Any CPU
		{D7734D62-5A0A-4BB7-A671-1043C66E33C3}.Release|Any CPU.ActiveCfg = Release|Any CPU
		{D7734D62-5A0A-4BB7-A671-1043C66E33C3}.Release|Any CPU.Build.0 = Release|Any CPU
	EndGlobalSection
	GlobalSection(SolutionProperties) = preSolution
		HideSolutionNode = FALSE
	EndGlobalSection
	GlobalSection(ExtensibilityGlobals) = postSolution
		SolutionGuid = {0034F638-C5EC-4BA1-9485-827431FBFCA4}
	EndGlobalSection
EndGlobal
